
Microsoft Visual Studio Solution File, Format Version 12.00
# Visual Studio 15
VisualStudioVersion = 15.0.28307.902
MinimumVisualStudioVersion = 10.0.40219.1
Project("{FAE04EC0-301F-11D3-BF4B-00C04F79EFBC}") = "RegistroContabil", "RegistroContabil\RegistroContabil.csproj", "{B27D5A69-DE34-4EC1-B542-0D2083DBE335}"
EndProject
Global
	GlobalSection(SolutionConfigurationPlatforms) = preSolution
		Debug|Any CPU = Debug|Any CPU
		Release|Any CPU = Release|Any CPU
	EndGlobalSection
	GlobalSection(ProjectConfigurationPlatforms) = postSolution
		{B27D5A69-DE34-4EC1-B542-0D2083DBE335}.Debug|Any CPU.ActiveCfg = Debug|Any CPU
		{B27D5A69-DE34-4EC1-B542-0D2083DBE335}.Debug|Any CPU.Build.0 = Debug|Any CPU
		{B27D5A69-DE34-4EC1-B542-0D2083DBE335}.Release|Any CPU.ActiveCfg = Release|Any CPU
		{B27D5A69-DE34-4EC1-B542-0D2083DBE335}.Release|Any CPU.Build.0 = Release|Any CPU
	EndGlobalSection
	GlobalSection(SolutionProperties) = preSolution
		HideSolutionNode = FALSE
	EndGlobalSection
	GlobalSection(ExtensibilityGlobals) = postSolution
		SolutionGuid = {30BFC8BD-D4E2-4FCA-A6DC-ED9E17C392BD}
	EndGlobalSection
EndGlobal
